
Microsoft Visual Studio Solution File, Format Version 12.00
# Visual Studio Version 17
VisualStudioVersion = 17.9.34622.214
MinimumVisualStudioVersion = 10.0.40219.1
Project("{9A19103F-16F7-4668-BE54-9A1E7A4F7556}") = "Oxane.Maui.Confetti", "Oxane.Maui.Confetti.csproj", "{CFFC41BB-599A-4AD7-8F51-6EB70CE6D72A}"
EndProject
Global
	GlobalSection(SolutionConfigurationPlatforms) = preSolution
		Debug|Any CPU = Debug|Any CPU
		Release|Any CPU = Release|Any CPU
	EndGlobalSection
	GlobalSection(ProjectConfigurationPlatforms) = postSolution
		{CFFC41BB-599A-4AD7-8F51-6EB70CE6D72A}.Debug|Any CPU.ActiveCfg = Debug|Any CPU
		{CFFC41BB-599A-4AD7-8F51-6EB70CE6D72A}.Debug|Any CPU.Build.0 = Debug|Any CPU
		{CFFC41BB-599A-4AD7-8F51-6EB70CE6D72A}.Debug|Any CPU.Deploy.0 = Debug|Any CPU
		{CFFC41BB-599A-4AD7-8F51-6EB70CE6D72A}.Release|Any CPU.ActiveCfg = Release|Any CPU
		{CFFC41BB-599A-4AD7-8F51-6EB70CE6D72A}.Release|Any CPU.Build.0 = Release|Any CPU
		{CFFC41BB-599A-4AD7-8F51-6EB70CE6D72A}.Release|Any CPU.Deploy.0 = Release|Any CPU
	EndGlobalSection
	GlobalSection(SolutionProperties) = preSolution
		HideSolutionNode = FALSE
	EndGlobalSection
	GlobalSection(ExtensibilityGlobals) = postSolution
		SolutionGuid = {DC9A752F-A9FD-4650-9ED8-77471E714CD2}
	EndGlobalSection
EndGlobal
